PODS:
  - Alamofire (4.8.2)
  - KIF (3.7.8):
    - KIF/Core (= 3.7.8)
  - KIF/Core (3.7.8)
  - KIF/IdentifierTests (3.7.8):
    - KIF/Core
  - Nimble (8.0.2)
  - OHHTTPStubs/Core (8.0.0)
  - OHHTTPStubs/Default (8.0.0):
    - OHHTTPStubs/Core
    - OHHTTPStubs/JSON
    - OHHTTPStubs/NSURLSession
    - OHHTTPStubs/OHPathHelpers
  - OHHTTPStubs/JSON (8.0.0):
    - OHHTTPStubs/Core
  - OHHTTPStubs/NSURLSession (8.0.0):
    - OHHTTPStubs/Core
  - OHHTTPStubs/OHPathHelpers (8.0.0)
  - OHHTTPStubs/Swift (8.0.0):
    - OHHTTPStubs/Default
  - Quick (2.1.0)
  - SwiftDate (5.1.0)
  - SwiftGen (6.1.0)

DEPENDENCIES:
  - Alamofire
  - KIF
  - KIF/IdentifierTests
  - Nimble
  - OHHTTPStubs/Swift
  - Quick
  - SwiftDate (~> 5.0)
  - SwiftGen

SPEC REPOS:
  https://github.com/cocoapods/specs.git:
    - Alamofire
    - KIF
    - Nimble
    - OHHTTPStubs
    - Quick
    - SwiftDate
    - SwiftGen

SPEC CHECKSUMS:
  Alamofire: ae5c501addb7afdbb13687d7f2f722c78734c2d3
  KIF: 52e1af1a78cf6fe4ec6777b14776f3dd2eccc32e
  Nimble: 622629381bda1dd5678162f21f1368cec7cbba60
  OHHTTPStubs: 9cbce6364bec557cc3439aa6bb7514670d780881
  Quick: 4be43f6634acfa727dd106bdf3929ce125ffa79d
  SwiftDate: 6329e58969a2de31cea7f1ee1143b247693196e7
  SwiftGen: f872ca75cbd17bf7103c17f13dcfa0d9a15667b0

PODFILE CHECKSUM: 9ec26bc16013013b494e6a863b5784a99c70008a

COCOAPODS: 1.7.4
